lockfile_version: '1'
generated_at: '2026-04-21T19:22:27.505800+00:00'
apm_version: 0.8.12
dependencies:
- repo_url: abdvswmdr/github-copilot-agent-skills
  host: github.com
  resolved_commit: de1afab066097df7edb3d865929523b60b697f9f
  virtual_path: packages/architect
  is_virtual: true
  package_type: apm_package
  content_hash: sha256:467e254234fe5a94730fa65e9456cdc17036c6a26f6816069001a310663de96e
- repo_url: abdvswmdr/github-copilot-agent-skills
  host: github.com
  resolved_commit: de1afab066097df7edb3d865929523b60b697f9f
  virtual_path: packages/diagramming
  is_virtual: true
  package_type: apm_package
  content_hash: sha256:dc2a2643a69788ddd67a9f5bc155a78d45232c5b6e4bcc56ee3125020c5330e7
- repo_url: abdvswmdr/github-copilot-agent-skills
  host: github.com
  resolved_commit: de1afab066097df7edb3d865929523b60b697f9f
  virtual_path: packages/terraform
  is_virtual: true
  package_type: apm_package
  content_hash: sha256:b9e489658b3a8ca5e1cf03c7048e73b9fc079e93171dd91238536b524991aaea
- repo_url: abdvswmdr/github-copilot-agent-skills
  host: github.com
  virtual_path: .github/agents/azure-architect.agent.md
  is_virtual: true
  depth: 2
  resolved_by: abdvswmdr/github-copilot-agent-skills
  content_hash: sha256:88a1cacff029695f57496ac5f51270014b95be081901e758e16fa6d168c366e4
- repo_url: abdvswmdr/github-copilot-agent-skills
  host: github.com
  virtual_path: .github/agents/gh-aw-builder.agent.md
  is_virtual: true
  depth: 2
  resolved_by: abdvswmdr/github-copilot-agent-skills
  content_hash: sha256:9f35e865adaba3879e388a23bc412f31dceca6777c7accd97007b92b6c00394f
- repo_url: abdvswmdr/github-copilot-agent-skills
  host: github.com
  virtual_path: .github/agents/org-agenda-capture.agent.md
  is_virtual: true
  depth: 2
  resolved_by: abdvswmdr/github-copilot-agent-skills
  content_hash: sha256:bacda750cde8dbce03e58206d0ce484268ee4baba01dfe157514b4648b147cd9
- repo_url: abdvswmdr/github-copilot-agent-skills
  host: github.com
  virtual_path: .github/agents/terraform-provider-upgrade.agent.md
  is_virtual: true
  depth: 2
  resolved_by: abdvswmdr/github-copilot-agent-skills
  content_hash: sha256:e9956719431d062d6a8fe0c089575e340b56ca17329f5d4694f8d95dde0a9c06
- repo_url: abdvswmdr/github-copilot-agent-skills
  host: github.com
  resolved_commit: de1afab066097df7edb3d865929523b60b697f9f
  virtual_path: .github/skills/architecture-design
  is_virtual: true
  depth: 2
  resolved_by: abdvswmdr/github-copilot-agent-skills
  package_type: claude_skill
  deployed_files:
  - .github/skills/architecture-design
  content_hash: sha256:1f054f32395cf9339eb591275d7e6a248de4d99a8446c5515b015008a663e866
- repo_url: abdvswmdr/github-copilot-agent-skills
  host: github.com
  resolved_commit: de1afab066097df7edb3d865929523b60b697f9f
  virtual_path: .github/skills/azure-drawio-mcp-diagramming
  is_virtual: true
  depth: 2
  resolved_by: abdvswmdr/github-copilot-agent-skills
  package_type: claude_skill
  deployed_files:
  - .github/skills/azure-drawio-mcp-diagramming
  content_hash: sha256:df9de73f3c3a6028edddaf7e73bdb175543c3a660d68dc2cfd988b62fc7b51a7
- repo_url: abdvswmdr/github-copilot-agent-skills
  host: github.com
  resolved_commit: de1afab066097df7edb3d865929523b60b697f9f
  virtual_path: .github/skills/azure-pricing
  is_virtual: true
  depth: 2
  resolved_by: abdvswmdr/github-copilot-agent-skills
  package_type: claude_skill
  deployed_files:
  - .github/skills/azure-pricing
  content_hash: sha256:cb80f24d8783be78e3b98c91d0bb2cb0fd8fb107d40e7dddc0d6657d6acf66eb
- repo_url: abdvswmdr/github-copilot-agent-skills
  host: github.com
  resolved_commit: de1afab066097df7edb3d865929523b60b697f9f
  virtual_path: .github/skills/drawio-mcp-diagramming
  is_virtual: true
  depth: 2
  resolved_by: abdvswmdr/github-copilot-agent-skills
  package_type: claude_skill
  deployed_files:
  - .github/skills/drawio-mcp-diagramming
  content_hash: sha256:9188b5f1b9d32c060ccdf8017ddcc5964afb155dc5589b537346f5d9202aec89
- repo_url: abdvswmdr/github-copilot-agent-skills
  host: github.com
  resolved_commit: de1afab066097df7edb3d865929523b60b697f9f
  virtual_path: .github/skills/excalidraw-mcp-diagramming
  is_virtual: true
  depth: 2
  resolved_by: abdvswmdr/github-copilot-agent-skills
  package_type: claude_skill
  deployed_files:
  - .github/skills/excalidraw-mcp-diagramming
  content_hash: sha256:46d546b18d83e1bd916cfabef6768762ad5708841ddc8872259ad23f5d14f5e5
- repo_url: abdvswmdr/github-copilot-agent-skills
  host: github.com
  resolved_commit: de1afab066097df7edb3d865929523b60b697f9f
  virtual_path: .github/skills/gh-aw-operations
  is_virtual: true
  depth: 2
  resolved_by: abdvswmdr/github-copilot-agent-skills
  package_type: claude_skill
  deployed_files:
  - .github/skills/gh-aw-operations
  content_hash: sha256:ba9310e0c7fed3742ea579e7062afdaf20f51dba676d6d0ed053d8abd081cd77
- repo_url: abdvswmdr/github-copilot-agent-skills
  host: github.com
  resolved_commit: de1afab066097df7edb3d865929523b60b697f9f
  virtual_path: .github/skills/terraform-provider-upgrade
  is_virtual: true
  depth: 2
  resolved_by: abdvswmdr/github-copilot-agent-skills
  package_type: claude_skill
  deployed_files:
  - .github/skills/terraform-provider-upgrade
  content_hash: sha256:7b966268ed81c3344ca5f285e7aaa8777b38cb688b3c7780b08166f22efb08ef
- repo_url: abdvswmdr/github-copilot-agent-skills
  host: github.com
  resolved_commit: de1afab066097df7edb3d865929523b60b697f9f
  virtual_path: .github/skills/waf-assessment
  is_virtual: true
  depth: 2
  resolved_by: abdvswmdr/github-copilot-agent-skills
  package_type: claude_skill
  deployed_files:
  - .github/skills/waf-assessment
  content_hash: sha256:d079fd76e7d0e88274cc89867bf318de47e96b120053989f3304c5c8028b6907
mcp_servers:
- drawio
- excalidraw
- terraform
mcp_configs:
  drawio:
    name: drawio
    transport: http
    registry: false
    url: https://mcp.draw.io/mcp
  excalidraw:
    name: excalidraw
    transport: http
    registry: false
    url: https://mcp.excalidraw.com
  terraform:
    name: terraform
    transport: stdio
    env:
      TFE_TOKEN: ${input:tfe_token}
      TFE_ADDRESS: ${input:tfe_address}
    args:
    - run
    - -i
    - --rm
    - -e
    - TFE_TOKEN
    - -e
    - TFE_ADDRESS
    - hashicorp/terraform-mcp-server:0.3.3
    registry: false
    command: docker
